// !$*UTF8*$!
{
	archiveVersion = 1;
	classes = {
	};
	objectVersion = 51;
	objects = {

/* Begin PBXBuildFile section */
		7F06A90F3269A1D7251F164B /* Pods_ToDoApp.framework in Frameworks */ = {isa = PBXBuildFile; fileRef = C44AE4CBB45214F3538AAE13 /* Pods_ToDoApp.framework */; };
		F308FBE027DCA4A10092F441 /* AppDelegate.swift in Sources */ = {isa = PBXBuildFile; fileRef = F308FBDF27DCA4A10092F441 /* AppDelegate.swift */; };
		F308FBE227DCA4A10092F441 /* SceneDelegate.swift in Sources */ = {isa = PBXBuildFile; fileRef = F308FBE127DCA4A10092F441 /* SceneDelegate.swift */; };
		F308FBE427DCA4A10092F441 /* ToDoListViewController.swift in Sources */ = {isa = PBXBuildFile; fileRef = F308FBE327DCA4A10092F441 /* ToDoListViewController.swift */; };
		F308FBE727DCA4A10092F441 /* Main.storyboard in Resources */ = {isa = PBXBuildFile; fileRef = F308FBE527DCA4A10092F441 /* Main.storyboard */; };
		F308FBE927DCA4A50092F441 /* Assets.xcassets in Resources */ = {isa = PBXBuildFile; fileRef = F308FBE827DCA4A50092F441 /* Assets.xcassets */; };
		F308FBEC27DCA4A50092F441 /* LaunchScreen.storyboard in Resources */ = {isa = PBXBuildFile; fileRef = F308FBEA27DCA4A50092F441 /* LaunchScreen.storyboard */; };
		F38C460C27FF03B1004C1B38 /* Category.swift in Sources */ = {isa = PBXBuildFile; fileRef = F38C460B27FF03B1004C1B38 /* Category.swift */; };
		F38C460F27FF03C5004C1B38 /* Item.swift in Sources */ = {isa = PBXBuildFile; fileRef = F38C460E27FF03C5004C1B38 /* Item.swift */; };
		F3B04D6627FA32F700BC55BF /* CategoryTableViewController.swift in Sources */ = {isa = PBXBuildFile; fileRef = F3B04D6527FA32F700BC55BF /* CategoryTableViewController.swift */; };
		F3F6681928005A2C005C5215 /* SwipeTableViewController.swift in Sources */ = {isa = PBXBuildFile; fileRef = F3F6681828005A2C005C5215 /* SwipeTableViewController.swift */; };
/* End PBXBuildFile section */

/* Begin PBXFileReference section */
		118F62C3E0F4DDD700B12D6C /* Pods-ToDoApp.release.xcconfig */ = {isa = PBXFileReference; includeInIndex = 1; lastKnownFileType = text.xcconfig; name = "Pods-ToDoApp.release.xcconfig"; path = "Target Support Files/Pods-ToDoApp/Pods-ToDoApp.release.xcconfig"; sourceTree = "<group>"; };
		6462F94C7CDAB04694B621E2 /* Pods-ToDoApp.debug.xcconfig */ = {isa = PBXFileReference; includeInIndex = 1; lastKnownFileType = text.xcconfig; name = "Pods-ToDoApp.debug.xcconfig"; path = "Target Support Files/Pods-ToDoApp/Pods-ToDoApp.debug.xcconfig"; sourceTree = "<group>"; };
		C44AE4CBB45214F3538AAE13 /* Pods_ToDoApp.framework */ = {isa = PBXFileReference; explicitFileType = wrapper.framework; includeInIndex = 0; path = Pods_ToDoApp.framework; sourceTree = BUILT_PRODUCTS_DIR; };
		F308FBDC27DCA4A10092F441 /* ToDoApp.app */ = {isa = PBXFileReference; explicitFileType = wrapper.application; includeInIndex = 0; path = ToDoApp.app; sourceTree = BUILT_PRODUCTS_DIR; };
		F308FBDF27DCA4A10092F441 /* AppDelegate.swift */ = {isa = PBXFileReference; lastKnownFileType = sourcecode.swift; path = AppDelegate.swift; sourceTree = "<group>"; };
		F308FBE127DCA4A10092F441 /* SceneDelegate.swift */ = {isa = PBXFileReference; lastKnownFileType = sourcecode.swift; path = SceneDelegate.swift; sourceTree = "<group>"; };
		F308FBE327DCA4A10092F441 /* ToDoListViewController.swift */ = {isa = PBXFileReference; lastKnownFileType = sourcecode.swift; path = ToDoListViewController.swift; sourceTree = "<group>"; };
		F308FBE627DCA4A10092F441 /* Base */ = {isa = PBXFileReference; lastKnownFileType = file.storyboard; name = Base; path = Base.lproj/Main.storyboard; sourceTree = "<group>"; };
		F308FBE827DCA4A50092F441 /* Assets.xcassets */ = {isa = PBXFileReference; lastKnownFileType = folder.assetcatalog; path = Assets.xcassets; sourceTree = "<group>"; };
		F308FBEB27DCA4A50092F441 /* Base */ = {isa = PBXFileReference; lastKnownFileType = file.storyboard; name = Base; path = Base.lproj/LaunchScreen.storyboard; sourceTree = "<group>"; };
		F308FBED27DCA4A50092F441 /* Info.plist */ = {isa = PBXFileReference; lastKnownFileType = text.plist.xml; path = Info.plist; sourceTree = "<group>"; };
		F38C460B27FF03B1004C1B38 /* Category.swift */ = {isa = PBXFileReference; lastKnownFileType = sourcecode.swift; path = Category.swift; sourceTree = "<group>"; };
		F38C460E27FF03C5004C1B38 /* Item.swift */ = {isa = PBXFileReference; lastKnownFileType = sourcecode.swift; path = Item.swift; sourceTree = "<group>"; };
		F3B04D6527FA32F700BC55BF /* CategoryTableViewController.swift */ = {isa = PBXFileReference; lastKnownFileType = sourcecode.swift; path = CategoryTableViewController.swift; sourceTree = "<group>"; };
		F3F6681828005A2C005C5215 /* SwipeTableViewController.swift */ = {isa = PBXFileReference; lastKnownFileType = sourcecode.swift; path = SwipeTableViewController.swift; sourceTree = "<group>"; };
/* End PBXFileReference section */

/* Begin PBXFrameworksBuildPhase section */
		F308FBD927DCA4A10092F441 /* Frameworks */ = {
			isa = PBXFrameworksBuildPhase;
			buildActionMask = 2147483647;
			files = (
				7F06A90F3269A1D7251F164B /* Pods_ToDoApp.framework in Frameworks */,
			);
			runOnlyForDeploymentPostprocessing = 0;
		};
/* End PBXFrameworksBuildPhase section */

/* Begin PBXGroup section */
		634E5DBA64280EC68BA8D4EC /* Pods */ = {
			isa = PBXGroup;
			children = (
				6462F94C7CDAB04694B621E2 /* Pods-ToDoApp.debug.xcconfig */,
				118F62C3E0F4DDD700B12D6C /* Pods-ToDoApp.release.xcconfig */,
			);
			path = Pods;
			sourceTree = "<group>";
		};
		678DB0C9432EFC9DBAAD9D65 /* Frameworks */ = {
			isa = PBXGroup;
			children = (
				C44AE4CBB45214F3538AAE13 /* Pods_ToDoApp.framework */,
			);
			name = Frameworks;
			sourceTree = "<group>";
		};
		F308FBD327DCA4A10092F441 = {
			isa = PBXGroup;
			children = (
				F308FBDE27DCA4A10092F441 /* ToDoApp */,
				F308FBDD27DCA4A10092F441 /* Products */,
				634E5DBA64280EC68BA8D4EC /* Pods */,
				678DB0C9432EFC9DBAAD9D65 /* Frameworks */,
			);
			sourceTree = "<group>";
		};
		F308FBDD27DCA4A10092F441 /* Products */ = {
			isa = PBXGroup;
			children = (
				F308FBDC27DCA4A10092F441 /* ToDoApp.app */,
			);
			name = Products;
			sourceTree = "<group>";
		};
		F308FBDE27DCA4A10092F441 /* ToDoApp */ = {
			isa = PBXGroup;
			children = (
				F308FBFA27F463C30092F441 /* Views */,
				F308FBF927F463B30092F441 /* Controllers */,
				F308FBDF27DCA4A10092F441 /* AppDelegate.swift */,
				F308FBE127DCA4A10092F441 /* SceneDelegate.swift */,
				F308FBF827F4638D0092F441 /* Data Model */,
				F308FBFB27F464200092F441 /* Supporting files */,
				F308FBED27DCA4A50092F441 /* Info.plist */,
			);
			path = ToDoApp;
			sourceTree = "<group>";
		};
		F308FBF827F4638D0092F441 /* Data Model */ = {
			isa = PBXGroup;
			children = (
				F38C460B27FF03B1004C1B38 /* Category.swift */,
				F38C460E27FF03C5004C1B38 /* Item.swift */,
			);
			path = "Data Model";
			sourceTree = "<group>";
		};
		F308FBF927F463B30092F441 /* Controllers */ = {
			isa = PBXGroup;
			children = (
				F3B04D6527FA32F700BC55BF /* CategoryTableViewController.swift */,
				F308FBE327DCA4A10092F441 /* ToDoListViewController.swift */,
				F3F6681828005A2C005C5215 /* SwipeTableViewController.swift */,
			);
			path = Controllers;
			sourceTree = "<group>";
		};
		F308FBFA27F463C30092F441 /* Views */ = {
			isa = PBXGroup;
			children = (
				F308FBE527DCA4A10092F441 /* Main.storyboard */,
			);
			path = Views;
			sourceTree = "<group>";
		};
		F308FBFB27F464200092F441 /* Supporting files */ = {
			isa = PBXGroup;
			children = (
				F308FBE827DCA4A50092F441 /* Assets.xcassets */,
				F308FBEA27DCA4A50092F441 /* LaunchScreen.storyboard */,
			);
			path = "Supporting files";
			sourceTree = "<group>";
		};
/* End PBXGroup section */

/* Begin PBXNativeTarget section */
		F308FBDB27DCA4A10092F441 /* ToDoApp */ = {
			isa = PBXNativeTarget;
			buildConfigurationList = F308FBF027DCA4A50092F441 /* Build configuration list for PBXNativeTarget "ToDoApp" */;
			buildPhases = (
				97732BD757F0E80EB53A56D9 /* [CP] Check Pods Manifest.lock */,
				F308FBD827DCA4A10092F441 /* Sources */,
				F308FBD927DCA4A10092F441 /* Frameworks */,
				F308FBDA27DCA4A10092F441 /* Resources */,
				53719FDC114C9B863CE6F3FA /* [CP] Embed Pods Frameworks */,
			);
			buildRules = (
			);
			dependencies = (
			);
			name = ToDoApp;
			productName = ToDoApp;
			productReference = F308FBDC27DCA4A10092F441 /* ToDoApp.app */;
			productType = "com.apple.product-type.application";
		};
/* End PBXNativeTarget section */

/* Begin PBXProject section */
		F308FBD427DCA4A10092F441 /* Project object */ = {
			isa = PBXProject;
			attributes = {
				LastSwiftUpdateCheck = 1240;
				LastUpgradeCheck = 1240;
				TargetAttributes = {
					F308FBDB27DCA4A10092F441 = {
						CreatedOnToolsVersion = 12.4;
					};
				};
			};
			buildConfigurationList = F308FBD727DCA4A10092F441 /* Build configuration list for PBXProject "ToDoApp" */;
			compatibilityVersion = "Xcode 9.3";
			developmentRegion = en;
			hasScannedForEncodings = 0;
			knownRegions = (
				en,
				Base,
			);
			mainGroup = F308FBD327DCA4A10092F441;
			productRefGroup = F308FBDD27DCA4A10092F441 /* Products */;
			projectDirPath = "";
			projectRoot = "";
			targets = (
				F308FBDB27DCA4A10092F441 /* ToDoApp */,
			);
		};
/* End PBXProject section */

/* Begin PBXResourcesBuildPhase section */
		F308FBDA27DCA4A10092F441 /* Resources */ = {
			isa = PBXResourcesBuildPhase;
			buildActionMask = 2147483647;
			files = (
				F308FBEC27DCA4A50092F441 /* LaunchScreen.storyboard in Resources */,
				F308FBE927DCA4A50092F441 /* Assets.xcassets in Resources */,
				F308FBE727DCA4A10092F441 /* Main.storyboard in Resources */,
			);
			runOnlyForDeploymentPostprocessing = 0;
		};
/* End PBXResourcesBuildPhase section */

/* Begin PBXShellScriptBuildPhase section */
		53719FDC114C9B863CE6F3FA /* [CP] Embed Pods Frameworks */ = {
			isa = PBXShellScriptBuildPhase;
			buildActionMask = 2147483647;
			files = (
			);
			inputFileListPaths = (
				"${PODS_ROOT}/Target Support Files/Pods-ToDoApp/Pods-ToDoApp-frameworks-${CONFIGURATION}-input-files.xcfilelist",
			);
			name = "[CP] Embed Pods Frameworks";
			outputFileListPaths = (
				"${PODS_ROOT}/Target Support Files/Pods-ToDoApp/Pods-ToDoApp-frameworks-${CONFIGURATION}-output-files.xcfilelist",
			);
			runOnlyForDeploymentPostprocessing = 0;
			shellPath = /bin/sh;
			shellScript = "\"${PODS_ROOT}/Target Support Files/Pods-ToDoApp/Pods-ToDoApp-frameworks.sh\"\n";
			showEnvVarsInLog = 0;
		};
		97732BD757F0E80EB53A56D9 /* [CP] Check Pods Manifest.lock */ = {
			isa = PBXShellScriptBuildPhase;
			buildActionMask = 2147483647;
			files = (
			);
			inputFileListPaths = (
			);
			inputPaths = (
				"${PODS_PODFILE_DIR_PATH}/Podfile.lock",
				"${PODS_ROOT}/Manifest.lock",
			);
			name = "[CP] Check Pods Manifest.lock";
			outputFileListPaths = (
			);
			outputPaths = (
				"$(DERIVED_FILE_DIR)/Pods-ToDoApp-checkManifestLockResult.txt",
			);
			runOnlyForDeploymentPostprocessing = 0;
			shellPath = /bin/sh;
			shellScript = "diff \"${PODS_PODFILE_DIR_PATH}/Podfile.lock\" \"${PODS_ROOT}/Manifest.lock\" > /dev/null\nif [ $? != 0 ] ; then\n    # print error to STDERR\n    echo \"error: The sandbox is not in sync with the Podfile.lock. Run 'pod install' or update your CocoaPods installation.\" >&2\n    exit 1\nfi\n# This output is used by Xcode 'outputs' to avoid re-running this script phase.\necho \"SUCCESS\" > \"${SCRIPT_OUTPUT_FILE_0}\"\n";
			showEnvVarsInLog = 0;
		};
/* End PBXShellScriptBuildPhase section */

/* Begin PBXSourcesBuildPhase section */
		F308FBD827DCA4A10092F441 /* Sources */ = {
			isa = PBXSourcesBuildPhase;
			buildActionMask = 2147483647;
			files = (
				F308FBE427DCA4A10092F441 /* ToDoListViewController.swift in Sources */,
				F3B04D6627FA32F700BC55BF /* CategoryTableViewController.swift in Sources */,
				F308FBE027DCA4A10092F441 /* AppDelegate.swift in Sources */,
				F3F6681928005A2C005C5215 /* SwipeTableViewController.swift in Sources */,
				F38C460C27FF03B1004C1B38 /* Category.swift in Sources */,
				F308FBE227DCA4A10092F441 /* SceneDelegate.swift in Sources */,
				F38C460F27FF03C5004C1B38 /* Item.swift in Sources */,
			);
			runOnlyForDeploymentPostprocessing = 0;
		};
/* End PBXSourcesBuildPhase section */

/* Begin PBXVariantGroup section */
		F308FBE527DCA4A10092F441 /* Main.storyboard */ = {
			isa = PBXVariantGroup;
			children = (
				F308FBE627DCA4A10092F441 /* Base */,
			);
			name = Main.storyboard;
			sourceTree = "<group>";
		};
		F308FBEA27DCA4A50092F441 /* LaunchScreen.storyboard */ = {
			isa = PBXVariantGroup;
			children = (
				F308FBEB27DCA4A50092F441 /* Base */,
			);
			name = LaunchScreen.storyboard;
			sourceTree = "<group>";
		};
/* End PBXVariantGroup section */

/* Begin XCBuildConfiguration section */
		F308FBEE27DCA4A50092F441 /* Debug */ = {
			isa = XCBuildConfiguration;
			buildSettings = {
				ALWAYS_SEARCH_USER_PATHS = NO;
				CLANG_ANALYZER_NONNULL = YES;
				CLANG_ANALYZER_NUMBER_OBJECT_CONVERSION = YES_AGGRESSIVE;
				CLANG_CXX_LANGUAGE_STANDARD = "gnu++14";
				CLANG_CXX_LIBRARY = "libc++";
				CLANG_ENABLE_MODULES = YES;
				CLANG_ENABLE_OBJC_ARC = YES;
				CLANG_ENABLE_OBJC_WEAK = YES;
				CLANG_WARN_BLOCK_CAPTURE_AUTORELEASING = YES;
				CLANG_WARN_BOOL_CONVERSION = YES;
				CLANG_WARN_COMMA = YES;
				CLANG_WARN_CONSTANT_CONVERSION = YES;
				CLANG_WARN_DEPRECATED_OBJC_IMPLEMENTATIONS = YES;
				CLANG_WARN_DIRECT_OBJC_ISA_USAGE = YES_ERROR;
				CLANG_WARN_DOCUMENTATION_COMMENTS = YES;
				CLANG_WARN_EMPTY_BODY = YES;
				CLANG_WARN_ENUM_CONVERSION = YES;
				CLANG_WARN_INFINITE_RECURSION = YES;
				CLANG_WARN_INT_CONVERSION = YES;
				CLANG_WARN_NON_LITERAL_NULL_CONVERSION = YES;
				CLANG_WARN_OBJC_IMPLICIT_RETAIN_SELF = YES;
				CLANG_WARN_OBJC_LITERAL_CONVERSION = YES;
				CLANG_WARN_OBJC_ROOT_CLASS = YES_ERROR;
				CLANG_WARN_QUOTED_INCLUDE_IN_FRAMEWORK_HEADER = YES;
				CLANG_WARN_RANGE_LOOP_ANALYSIS = YES;
				CLANG_WARN_STRICT_PROTOTYPES = YES;
				CLANG_WARN_SUSPICIOUS_MOVE = YES;
				CLANG_WARN_UNGUARDED_AVAILABILITY = YES_AGGRESSIVE;
				CLANG_WARN_UNREACHABLE_CODE = YES;
				CLANG_WARN__DUPLICATE_METHOD_MATCH = YES;
				COPY_PHASE_STRIP = NO;
				DEBUG_INFORMATION_FORMAT = dwarf;
				ENABLE_STRICT_OBJC_MSGSEND = YES;
				ENABLE_TESTABILITY = YES;
				GCC_C_LANGUAGE_STANDARD = gnu11;
				GCC_DYNAMIC_NO_PIC = NO;
				GCC_NO_COMMON_BLOCKS = YES;
				GCC_OPTIMIZATION_LEVEL = 0;
				GCC_PREPROCESSOR_DEFINITIONS = (
					"DEBUG=1",
					"$(inherited)",
				);
				GCC_WARN_64_TO_32_BIT_CONVERSION = YES;
				GCC_WARN_ABOUT_RETURN_TYPE = YES_ERROR;
				GCC_WARN_UNDECLARED_SELECTOR = YES;
				GCC_WARN_UNINITIALIZED_AUTOS = YES_AGGRESSIVE;
				GCC_WARN_UNUSED_FUNCTION = YES;
				GCC_WARN_UNUSED_VARIABLE = YES;
				IPHONEOS_DEPLOYMENT_TARGET = 14.4;
				MTL_ENABLE_DEBUG_INFO = INCLUDE_SOURCE;
				MTL_FAST_MATH = YES;
				ONLY_ACTIVE_ARCH = YES;
				SDKROOT = iphoneos;
				SWIFT_ACTIVE_COMPILATION_CONDITIONS = DEBUG;
				SWIFT_OPTIMIZATION_LEVEL = "-Onone";
			};
			name = Debug;
		};
		F308FBEF27DCA4A50092F441 /* Release */ = {
			isa = XCBuildConfiguration;
			buildSettings = {
				ALWAYS_SEARCH_USER_PATHS = NO;
				CLANG_ANALYZER_NONNULL = YES;
				CLANG_ANALYZER_NUMBER_OBJECT_CONVERSION = YES_AGGRESSIVE;
				CLANG_CXX_LANGUAGE_STANDARD = "gnu++14";
				CLANG_CXX_LIBRARY = "libc++";
				CLANG_ENABLE_MODULES = YES;
				CLANG_ENABLE_OBJC_ARC = YES;
				CLANG_ENABLE_OBJC_WEAK = YES;
				CLANG_WARN_BLOCK_CAPTURE_AUTORELEASING = YES;
				CLANG_WARN_BOOL_CONVERSION = YES;
				CLANG_WARN_COMMA = YES;
				CLANG_WARN_CONSTANT_CONVERSION = YES;
				CLANG_WARN_DEPRECATED_OBJC_IMPLEMENTATIONS = YES;
				CLANG_WARN_DIRECT_OBJC_ISA_USAGE = YES_ERROR;
				CLANG_WARN_DOCUMENTATION_COMMENTS = YES;
				CLANG_WARN_EMPTY_BODY = YES;
				CLANG_WARN_ENUM_CONVERSION = YES;
				CLANG_WARN_INFINITE_RECURSION = YES;
				CLANG_WARN_INT_CONVERSION = YES;
				CLANG_WARN_NON_LITERAL_NULL_CONVERSION = YES;
				CLANG_WARN_OBJC_IMPLICIT_RETAIN_SELF = YES;
				CLANG_WARN_OBJC_LITERAL_CONVERSION = YES;
				CLANG_WARN_OBJC_ROOT_CLASS = YES_ERROR;
				CLANG_WARN_QUOTED_INCLUDE_IN_FRAMEWORK_HEADER = YES;
				CLANG_WARN_RANGE_LOOP_ANALYSIS = YES;
				CLANG_WARN_STRICT_PROTOTYPES = YES;
				CLANG_WARN_SUSPICIOUS_MOVE = YES;
				CLANG_WARN_UNGUARDED_AVAILABILITY = YES_AGGRESSIVE;
				CLANG_WARN_UNREACHABLE_CODE = YES;
				CLANG_WARN__DUPLICATE_METHOD_MATCH = YES;
				COPY_PHASE_STRIP = NO;
				DEBUG_INFORMATION_FORMAT = "dwarf-with-dsym";
				ENABLE_NS_ASSERTIONS = NO;
				ENABLE_STRICT_OBJC_MSGSEND = YES;
				GCC_C_LANGUAGE_STANDARD = gnu11;
				GCC_NO_COMMON_BLOCKS = YES;
				GCC_WARN_64_TO_32_BIT_CONVERSION = YES;
				GCC_WARN_ABOUT_RETURN_TYPE = YES_ERROR;
				GCC_WARN_UNDECLARED_SELECTOR = YES;
				GCC_WARN_UNINITIALIZED_AUTOS = YES_AGGRESSIVE;
				GCC_WARN_UNUSED_FUNCTION = YES;
				GCC_WARN_UNUSED_VARIABLE = YES;
				IPHONEOS_DEPLOYMENT_TARGET = 14.4;
				MTL_ENABLE_DEBUG_INFO = NO;
				MTL_FAST_MATH = YES;
				SDKROOT = iphoneos;
				SWIFT_COMPILATION_MODE = wholemodule;
				SWIFT_OPTIMIZATION_LEVEL = "-O";
				VALIDATE_PRODUCT = YES;
			};
			name = Release;
		};
		F308FBF127DCA4A50092F441 /* Debug */ = {
			isa = XCBuildConfiguration;
			baseConfigurationReference = 6462F94C7CDAB04694B621E2 /* Pods-ToDoApp.debug.xcconfig */;
			buildSettings = {
				ASSETCATALOG_COMPILER_APPICON_NAME = AppIcon;
				ASSETCATALOG_COMPILER_GLOBAL_ACCENT_COLOR_NAME = AccentColor;
				CODE_SIGN_STYLE = Automatic;
				DEVELOPMENT_TEAM = 7CB7M9962J;
				INFOPLIST_FILE = ToDoApp/Info.plist;
				LD_RUNPATH_SEARCH_PATHS = (
					"$(inherited)",
					"@executable_path/Frameworks",
				);
				PRODUCT_BUNDLE_IDENTIFIER = "-23.ToDoApp";
				PRODUCT_NAME = "$(TARGET_NAME)";
				SWIFT_VERSION = 5.0;
				TARGETED_DEVICE_FAMILY = "1,2";
			};
			name = Debug;
		};
		F308FBF227DCA4A50092F441 /* Release */ = {
			isa = XCBuildConfiguration;
			baseConfigurationReference = 118F62C3E0F4DDD700B12D6C /* Pods-ToDoApp.release.xcconfig */;
			buildSettings = {
				ASSETCATALOG_COMPILER_APPICON_NAME = AppIcon;
				ASSETCATALOG_COMPILER_GLOBAL_ACCENT_COLOR_NAME = AccentColor;
				CODE_SIGN_STYLE = Automatic;
				DEVELOPMENT_TEAM = 7CB7M9962J;
				INFOPLIST_FILE = ToDoApp/Info.plist;
				LD_RUNPATH_SEARCH_PATHS = (
					"$(inherited)",
					"@executable_path/Frameworks",
				);
				PRODUCT_BUNDLE_IDENTIFIER = "-23.ToDoApp";
				PRODUCT_NAME = "$(TARGET_NAME)";
				SWIFT_VERSION = 5.0;
				TARGETED_DEVICE_FAMILY = "1,2";
			};
			name = Release;
		};
/* End XCBuildConfiguration section */

/* Begin XCConfigurationList section */
		F308FBD727DCA4A10092F441 /* Build configuration list for PBXProject "ToDoApp" */ = {
			isa = XCConfigurationList;
			buildConfigurations = (
				F308FBEE27DCA4A50092F441 /* Debug */,
				F308FBEF27DCA4A50092F441 /* Release */,
			);
			defaultConfigurationIsVisible = 0;
			defaultConfigurationName = Release;
		};
		F308FBF027DCA4A50092F441 /* Build configuration list for PBXNativeTarget "ToDoApp" */ = {
			isa = XCConfigurationList;
			buildConfigurations = (
				F308FBF127DCA4A50092F441 /* Debug */,
				F308FBF227DCA4A50092F441 /* Release */,
			);
			defaultConfigurationIsVisible = 0;
			defaultConfigurationName = Release;
		};
/* End XCConfigurationList section */
	};
	rootObject = F308FBD427DCA4A10092F441 /* Project object */;
}
